version = 1
revision = 1
requires-python = ">=3.12"
resolution-markers = [
    "sys_platform == 'darwin'",
    "sys_platform == 'linux'",
]
supported-markers = [
    "sys_platform == 'darwin'",
    "sys_platform == 'linux'",
]

[[package]]
name = "greenlet"
version = "3.3.1"
source = { registry = "https://pypi.org/simple" }
sdist = { url = "https://files.pythonhosted.org/packages/8a/99/1cd3411c56a410994669062bd73dd58270c00cc074cac15f385a1fd91f8a/greenlet-3.3.1.tar.gz", hash = "sha256:41848f3230b58c08bb43dee542e74a2a2e34d3c59dc3076cec9151aeeedcae98", size = 184690 }
wheels = [
    { url = "https://files.pythonhosted.org/packages/f9/c8/9d76a66421d1ae24340dfae7e79c313957f6e3195c144d2c73333b5bfe34/greenlet-3.3.1-cp312-cp312-macosx_11_0_universal2.whl", hash = "sha256:7e806ca53acf6d15a888405880766ec84721aa4181261cd11a457dfe9a7a4975", size = 276443 },
    { url = "https://files.pythonhosted.org/packages/ec/ab/d26750f2b7242c2b90ea2ad71de70cfcd73a948a49513188a0fc0d6fc15a/greenlet-3.3.1-cp313-cp313-macosx_11_0_universal2.whl", hash = "sha256:7ab327905cabb0622adca5971e488064e35115430cec2c35a50fd36e72a315b3", size = 275205 },
    { url = "https://files.pythonhosted.org/packages/ae/fb/011c7c717213182caf78084a9bea51c8590b0afda98001f69d9f853a495b/greenlet-3.3.1-cp314-cp314-macosx_11_0_universal2.whl", hash = "sha256:bd59acd8529b372775cd0fcbc5f420ae20681c5b045ce25bd453ed8455ab99b5", size = 275737 },
    { url = "https://files.pythonhosted.org/packages/28/24/cbbec49bacdcc9ec652a81d3efef7b59f326697e7edf6ed775a5e08e54c2/greenlet-3.3.1-cp314-cp314t-macosx_11_0_universal2.whl", hash = "sha256:3e63252943c921b90abb035ebe9de832c436401d9c45f262d80e2d06cc659242", size = 282706 },
]

[[package]]
name = "lxml"
version = "6.0.2"
source = { registry = "https://pypi.org/simple" }
sdist = { url = "https://files.pythonhosted.org/packages/aa/88/262177de60548e5a2bfc46ad28232c9e9cbde697bd94132aeb80364675cb/lxml-6.0.2.tar.gz", hash = "sha256:cd79f3367bd74b317dda655dc8fcfa304d9eb6e4fb06b7168c5cf27f96e0cd62", size = 4073426 }
wheels = [
    { url = "https://files.pythonhosted.org/packages/f3/c8/8ff2bc6b920c84355146cd1ab7d181bc543b89241cfb1ebee824a7c81457/lxml-6.0.2-cp312-cp312-macosx_10_13_universal2.whl", hash = "sha256:a59f5448ba2ceccd06995c95ea59a7674a10de0810f2ce90c9006f3cbc044456", size = 8661887 },
    { url = "https://files.pythonhosted.org/packages/37/6f/9aae1008083bb501ef63284220ce81638332f9ccbfa53765b2b7502203cf/lxml-6.0.2-cp312-cp312-macosx_10_13_x86_64.whl", hash = "sha256:e8113639f3296706fbac34a30813929e29247718e88173ad849f57ca59754924", size = 4667818 },
    { url = "https://files.pythonhosted.org/packages/f1/ca/31fb37f99f37f1536c133476674c10b577e409c0a624384147653e38baf2/lxml-6.0.2-cp312-cp312-manylinux2014_aarch64.manylinux_2_17_aarch64.whl", hash = "sha256:a8bef9b9825fa8bc816a6e641bb67219489229ebc648be422af695f6e7a4fa7f", size = 4950807 },
    { url = "https://files.pythonhosted.org/packages/da/87/f6cb9442e4bada8aab5ae7e1046264f62fdbeaa6e3f6211b93f4c0dd97f1/lxml-6.0.2-cp312-cp312-manylinux2014_x86_64.manylinux_2_17_x86_64.whl", hash = "sha256:65ea18d710fd14e0186c2f973dc60bb52039a275f82d3c44a0e42b43440ea534", size = 5109179 },
    { url = "https://files.pythonhosted.org/packages/c8/20/a7760713e65888db79bbae4f6146a6ae5c04e4a204a3c48896c408cd6ed2/lxml-6.0.2-cp312-cp312-manylinux_2_26_aarch64.manylinux_2_28_aarch64.whl", hash = "sha256:c371aa98126a0d4c739ca93ceffa0fd7a5d732e3ac66a46e74339acd4d334564", size = 5023044 },
    { url = "https://files.pythonhosted.org/packages/a2/b0/7e64e0460fcb36471899f75831509098f3fd7cd02a3833ac517433cb4f8f/lxml-6.0.2-cp312-cp312-manylinux_2_26_i686.manylinux_2_28_i686.whl", hash = "sha256:700efd30c0fa1a3581d80a748157397559396090a51d306ea59a70020223d16f", size = 5359685 },
    { url = "https://files.pythonhosted.org/packages/b9/e1/e5df362e9ca4e2f48ed6411bd4b3a0ae737cc842e96877f5bf9428055ab4/lxml-6.0.2-cp312-cp312-manylinux_2_26_ppc64le.manylinux_2_28_ppc64le.whl", hash = "sha256:c33e66d44fe60e72397b487ee92e01da0d09ba2d66df8eae42d77b6d06e5eba0", size = 5654127 },
    { url = "https://files.pythonhosted.org/packages/c6/d1/232b3309a02d60f11e71857778bfcd4acbdb86c07db8260caf7d008b08f8/lxml-6.0.2-cp312-cp312-manylinux_2_26_x86_64.manylinux_2_28_x86_64.whl", hash = "sha256:90a345bbeaf9d0587a3aaffb7006aa39ccb6ff0e96a57286c0cb2fd1520ea192", size = 5253958 },
    { url = "https://files.pythonhosted.org/packages/35/35/d955a070994725c4f7d80583a96cab9c107c57a125b20bb5f708fe941011/lxml-6.0.2-cp312-cp312-manylinux_2_31_armv7l.whl", hash = "sha256:064fdadaf7a21af3ed1dcaa106b854077fbeada827c18f72aec9346847cd65d0", size = 4711541 },
    { url = "https://files.pythonhosted.org/packages/1e/be/667d17363b38a78c4bd63cfd4b4632029fd68d2c2dc81f25ce9eb5224dd5/lxml-6.0.2-cp312-cp312-manylinux_2_38_riscv64.manylinux_2_39_riscv64.whl", hash = "sha256:fbc74f42c3525ac4ffa4b89cbdd00057b6196bcefe8bce794abd42d33a018092", size = 5267426 },
    { url = "https://files.pythonhosted.org/packages/ea/47/62c70aa4a1c26569bc958c9ca86af2bb4e1f614e8c04fb2989833874f7ae/lxml-6.0.2-cp312-cp312-musllinux_1_2_aarch64.whl", hash = "sha256:6ddff43f702905a4e32bc24f3f2e2edfe0f8fde3277d481bffb709a4cced7a1f", size = 5064917 },
    { url = "https://files.pythonhosted.org/packages/bd/55/6ceddaca353ebd0f1908ef712c597f8570cc9c58130dbb89903198e441fd/lxml-6.0.2-cp312-cp312-musllinux_1_2_armv7l.whl", hash = "sha256:6da5185951d72e6f5352166e3da7b0dc27aa70bd1090b0eb3f7f7212b53f1bb8", size = 4788795 },
    { url = "https://files.pythonhosted.org/packages/cf/e8/fd63e15da5e3fd4c2146f8bbb3c14e94ab850589beab88e547b2dbce22e1/lxml-6.0.2-cp312-cp312-musllinux_1_2_ppc64le.whl", hash = "sha256:57a86e1ebb4020a38d295c04fc79603c7899e0df71588043eb218722dabc087f", size = 5676759 },
    { url = "https://files.pythonhosted.org/packages/76/47/b3ec58dc5c374697f5ba37412cd2728f427d056315d124dd4b61da381877/lxml-6.0.2-cp312-cp312-musllinux_1_2_riscv64.whl", hash = "sha256:2047d8234fe735ab77802ce5f2297e410ff40f5238aec569ad7c8e163d7b19a6", size = 5255666 },
    { url = "https://files.pythonhosted.org/packages/19/93/03ba725df4c3d72afd9596eef4a37a837ce8e4806010569bedfcd2cb68fd/lxml-6.0.2-cp312-cp312-musllinux_1_2_x86_64.whl", hash = "sha256:6f91fd2b2ea15a6800c8e24418c0775a1694eefc011392da73bc6cef2623b322", size = 5277989 },
    { url = "https://files.pythonhosted.org/packages/53/fd/4e8f0540608977aea078bf6d79f128e0e2c2bba8af1acf775c30baa70460/lxml-6.0.2-cp313-cp313-macosx_10_13_universal2.whl", hash = "sha256:9b33d21594afab46f37ae58dfadd06636f154923c4e8a4d754b0127554eb2e77", size = 8648494 },
    { url = "https://files.pythonhosted.org/packages/5d/f4/2a94a3d3dfd6c6b433501b8d470a1960a20ecce93245cf2db1706adf6c19/lxml-6.0.2-cp313-cp313-macosx_10_13_x86_64.whl", hash = "sha256:6c8963287d7a4c5c9a432ff487c52e9c5618667179c18a204bdedb27310f022f", size = 4661146 },
    { url = "https://files.pythonhosted.org/packages/25/2e/4efa677fa6b322013035d38016f6ae859d06cac67437ca7dc708a6af7028/lxml-6.0.2-cp313-cp313-manylinux2014_aarch64.manylinux_2_17_aarch64.whl", hash = "sha256:1941354d92699fb5ffe6ed7b32f9649e43c2feb4b97205f75866f7d21aa91452", size = 4946932 },
    { url = "https://files.pythonhosted.org/packages/ce/0f/526e78a6d38d109fdbaa5049c62e1d32fdd70c75fb61c4eadf3045d3d124/lxml-6.0.2-cp313-cp313-manylinux2014_x86_64.manylinux_2_17_x86_64.whl", hash = "sha256:bb2f6ca0ae2d983ded09357b84af659c954722bbf04dea98030064996d156048", size = 5100060 },
    { url = "https://files.pythonhosted.org/packages/81/76/99de58d81fa702cc0ea7edae4f4640416c2062813a00ff24bd70ac1d9c9b/lxml-6.0.2-cp313-cp313-manylinux_2_26_aarch64.manylinux_2_28_aarch64.whl", hash = "sha256:eb2a12d704f180a902d7fa778c6d71f36ceb7b0d317f34cdc76a5d05aa1dd1df", size = 5019000 },
    { url = "https://files.pythonhosted.org/packages/b5/35/9e57d25482bc9a9882cb0037fdb9cc18f4b79d85df94fa9d2a89562f1d25/lxml-6.0.2-cp313-cp313-manylinux_2_26_i686.manylinux_2_28_i686.whl", hash = "sha256:6ec0e3f745021bfed19c456647f0298d60a24c9ff86d9d051f52b509663feeb1", size = 5348496 },
    { url = "https://files.pythonhosted.org/packages/a6/8e/cb99bd0b83ccc3e8f0f528e9aa1f7a9965dfec08c617070c5db8d63a87ce/lxml-6.0.2-cp313-cp313-manylinux_2_26_ppc64le.manylinux_2_28_ppc64le.whl", hash = "sha256:846ae9a12d54e368933b9759052d6206a9e8b250291109c48e350c1f1f49d916", size = 5643779 },
    { url = "https://files.pythonhosted.org/packages/d0/34/9e591954939276bb679b73773836c6684c22e56d05980e31d52a9a8deb18/lxml-6.0.2-cp313-cp313-manylinux_2_26_x86_64.manylinux_2_28_x86_64.whl", hash = "sha256:ef9266d2aa545d7374938fb5c484531ef5a2ec7f2d573e62f8ce722c735685fd", size = 5244072 },
    { url = "https://files.pythonhosted.org/packages/8d/27/b29ff065f9aaca443ee377aff699714fcbffb371b4fce5ac4ca759e436d5/lxml-6.0.2-cp313-cp313-manylinux_2_31_armv7l.whl", hash = "sha256:4077b7c79f31755df33b795dc12119cb557a0106bfdab0d2c2d97bd3cf3dffa6", size = 4718675 },
    { url = "https://files.pythonhosted.org/packages/2b/9f/f756f9c2cd27caa1a6ef8c32ae47aadea697f5c2c6d07b0dae133c244fbe/lxml-6.0.2-cp313-cp313-manylinux_2_38_riscv64.manylinux_2_39_riscv64.whl", hash = "sha256:a7c5d5e5f1081955358533be077166ee97ed2571d6a66bdba6ec2f609a715d1a", size = 5255171 },
    { url = "https://files.pythonhosted.org/packages/61/46/bb85ea42d2cb1bd8395484fd72f38e3389611aa496ac7772da9205bbda0e/lxml-6.0.2-cp313-cp313-musllinux_1_2_aarch64.whl", hash = "sha256:8f8d0cbd0674ee89863a523e6994ac25fd5be9c8486acfc3e5ccea679bad2679", size = 5057175 },
    { url = "https://files.pythonhosted.org/packages/95/0c/443fc476dcc8e41577f0af70458c50fe299a97bb6b7505bb1ae09aa7f9ac/lxml-6.0.2-cp313-cp313-musllinux_1_2_armv7l.whl", hash = "sha256:2cbcbf6d6e924c28f04a43f3b6f6e272312a090f269eff68a2982e13e5d57659", size = 4785688 },
    { url = "https://files.pythonhosted.org/packages/48/78/6ef0b359d45bb9697bc5a626e1992fa5d27aa3f8004b137b2314793b50a0/lxml-6.0.2-cp313-cp313-musllinux_1_2_ppc64le.whl", hash = "sha256:dfb874cfa53340009af6bdd7e54ebc0d21012a60a4e65d927c2e477112e63484", size = 5660655 },
    { url = "https://files.pythonhosted.org/packages/ff/ea/e1d33808f386bc1339d08c0dcada6e4712d4ed8e93fcad5f057070b7988a/lxml-6.0.2-cp313-cp313-musllinux_1_2_riscv64.whl", hash = "sha256:fb8dae0b6b8b7f9e96c26fdd8121522ce5de9bb5538010870bd538683d30e9a2", size = 5247695 },
    { url = "https://files.pythonhosted.org/packages/4f/47/eba75dfd8183673725255247a603b4ad606f4ae657b60c6c145b381697da/lxml-6.0.2-cp313-cp313-musllinux_1_2_x86_64.whl", hash = "sha256:358d9adae670b63e95bc59747c72f4dc97c9ec58881d4627fe0120da0f90d314", size = 5269841 },
    { url = "https://files.pythonhosted.org/packages/03/15/d4a377b385ab693ce97b472fe0c77c2b16ec79590e688b3ccc71fba19884/lxml-6.0.2-cp314-cp314-macosx_10_13_universal2.whl", hash = "sha256:b0c732aa23de8f8aec23f4b580d1e52905ef468afb4abeafd3fec77042abb6fe", size = 8659801 },
    { url = "https://files.pythonhosted.org/packages/c8/e8/c128e37589463668794d503afaeb003987373c5f94d667124ffd8078bbd9/lxml-6.0.2-cp314-cp314-macosx_10_13_x86_64.whl", hash = "sha256:4468e3b83e10e0317a89a33d28f7aeba1caa4d1a6fd457d115dd4ffe90c5931d", size = 4659403 },
    { url = "https://files.pythonhosted.org/packages/00/ce/74903904339decdf7da7847bb5741fc98a5451b42fc419a86c0c13d26fe2/lxml-6.0.2-cp314-cp314-manylinux2014_aarch64.manylinux_2_17_aarch64.whl", hash = "sha256:abd44571493973bad4598a3be7e1d807ed45aa2adaf7ab92ab7c62609569b17d", size = 4966974 },
    { url = "https://files.pythonhosted.org/packages/1f/d3/131dec79ce61c5567fecf82515bd9bc36395df42501b50f7f7f3bd065df0/lxml-6.0.2-cp314-cp314-manylinux2014_x86_64.manylinux_2_17_x86_64.whl", hash = "sha256:370cd78d5855cfbffd57c422851f7d3864e6ae72d0da615fca4dad8c45d375a5", size = 5102953 },
    { url = "https://files.pythonhosted.org/packages/3a/ea/a43ba9bb750d4ffdd885f2cd333572f5bb900cd2408b67fdda07e85978a0/lxml-6.0.2-cp314-cp314-manylinux_2_26_aarch64.manylinux_2_28_aarch64.whl", hash = "sha256:901e3b4219fa04ef766885fb40fa516a71662a4c61b80c94d25336b4934b71c0", size = 5055054 },
    { url = "https://files.pythonhosted.org/packages/60/23/6885b451636ae286c34628f70a7ed1fcc759f8d9ad382d132e1c8d3d9bfd/lxml-6.0.2-cp314-cp314-manylinux_2_26_i686.manylinux_2_28_i686.whl", hash = "sha256:a4bf42d2e4cf52c28cc1812d62426b9503cdb0c87a6de81442626aa7d69707ba", size = 5352421 },
    { url = "https://files.pythonhosted.org/packages/48/5b/fc2ddfc94ddbe3eebb8e9af6e3fd65e2feba4967f6a4e9683875c394c2d8/lxml-6.0.2-cp314-cp314-manylinux_2_26_ppc64le.manylinux_2_28_ppc64le.whl", hash = "sha256:b2c7fdaa4d7c3d886a42534adec7cfac73860b89b4e5298752f60aa5984641a0", size = 5673684 },
    { url = "https://files.pythonhosted.org/packages/29/9c/47293c58cc91769130fbf85531280e8cc7868f7fbb6d92f4670071b9cb3e/lxml-6.0.2-cp314-cp314-manylinux_2_26_x86_64.manylinux_2_28_x86_64.whl", hash = "sha256:98a5e1660dc7de2200b00d53fa00bcd3c35a3608c305d45a7bbcaf29fa16e83d", size = 5252463 },
    { url = "https://files.pythonhosted.org/packages/9b/da/ba6eceb830c762b48e711ded880d7e3e89fc6c7323e587c36540b6b23c6b/lxml-6.0.2-cp314-cp314-manylinux_2_31_armv7l.whl", hash = "sha256:dc051506c30b609238d79eda75ee9cab3e520570ec8219844a72a46020901e37", size = 4698437 },
    { url = "https://files.pythonhosted.org/packages/a5/24/7be3f82cb7990b89118d944b619e53c656c97dc89c28cfb143fdb7cd6f4d/lxml-6.0.2-cp314-cp314-manylinux_2_38_riscv64.manylinux_2_39_riscv64.whl", hash = "sha256:8799481bbdd212470d17513a54d568f44416db01250f49449647b5ab5b5dccb9", size = 5269890 },
    { url = "https://files.pythonhosted.org/packages/1b/bd/dcfb9ea1e16c665efd7538fc5d5c34071276ce9220e234217682e7d2c4a5/lxml-6.0.2-cp314-cp314-musllinux_1_2_aarch64.whl", hash = "sha256:9261bb77c2dab42f3ecd9103951aeca2c40277701eb7e912c545c1b16e0e4917", size = 5097185 },
    { url = "https://files.pythonhosted.org/packages/21/04/a60b0ff9314736316f28316b694bccbbabe100f8483ad83852d77fc7468e/lxml-6.0.2-cp314-cp314-musllinux_1_2_armv7l.whl", hash = "sha256:65ac4a01aba353cfa6d5725b95d7aed6356ddc0a3cd734de00124d285b04b64f", size = 4745895 },
    { url = "https://files.pythonhosted.org/packages/d6/bd/7d54bd1846e5a310d9c715921c5faa71cf5c0853372adf78aee70c8d7aa2/lxml-6.0.2-cp314-cp314-musllinux_1_2_ppc64le.whl", hash = "sha256:b22a07cbb82fea98f8a2fd814f3d1811ff9ed76d0fc6abc84eb21527596e7cc8", size = 5695246 },
    { url = "https://files.pythonhosted.org/packages/fd/32/5643d6ab947bc371da21323acb2a6e603cedbe71cb4c99c8254289ab6f4e/lxml-6.0.2-cp314-cp314-musllinux_1_2_riscv64.whl", hash = "sha256:d759cdd7f3e055d6bc8d9bec3ad905227b2e4c785dc16c372eb5b5e83123f48a", size = 5260797 },
    { url = "https://files.pythonhosted.org/packages/33/da/34c1ec4cff1eea7d0b4cd44af8411806ed943141804ac9c5d565302afb78/lxml-6.0.2-cp314-cp314-musllinux_1_2_x86_64.whl", hash = "sha256:945da35a48d193d27c188037a05fec5492937f66fb1958c24fc761fb9d40d43c", size = 5277404 },
    { url = "https://files.pythonhosted.org/packages/5e/5c/42c2c4c03554580708fc738d13414801f340c04c3eff90d8d2d227145275/lxml-6.0.2-cp314-cp314t-macosx_10_13_universal2.whl", hash = "sha256:6162a86d86893d63084faaf4ff937b3daea233e3682fb4474db07395794fa80d", size = 8910380 },
    { url = "https://files.pythonhosted.org/packages/bf/4f/12df843e3e10d18d468a7557058f8d3733e8b6e12401f30b1ef29360740f/lxml-6.0.2-cp314-cp314t-macosx_10_13_x86_64.whl", hash = "sha256:414aaa94e974e23a3e92e7ca5b97d10c0cf37b6481f50911032c69eeb3991bba", size = 4775632 },
    { url = "https://files.pythonhosted.org/packages/e4/0c/9dc31e6c2d0d418483cbcb469d1f5a582a1cd00a1f4081953d44051f3c50/lxml-6.0.2-cp314-cp314t-manylinux2014_aarch64.manylinux_2_17_aarch64.whl", hash = "sha256:48461bd21625458dd01e14e2c38dd0aea69addc3c4f960c30d9f59d7f93be601", size = 4975171 },
    { url = "https://files.pythonhosted.org/packages/e7/2b/9b870c6ca24c841bdd887504808f0417aa9d8d564114689266f19ddf29c8/lxml-6.0.2-cp314-cp314t-manylinux2014_x86_64.manylinux_2_17_x86_64.whl", hash = "sha256:25fcc59afc57d527cfc78a58f40ab4c9b8fd096a9a3f964d2781ffb6eb33f4ed", size = 5110109 },
    { url = "https://files.pythonhosted.org/packages/bf/0c/4f5f2a4dd319a178912751564471355d9019e220c20d7db3fb8307ed8582/lxml-6.0.2-cp314-cp314t-manylinux_2_26_aarch64.manylinux_2_28_aarch64.whl", hash = "sha256:5179c60288204e6ddde3f774a93350177e08876eaf3ab78aa3a3649d43eb7d37", size = 5041061 },
    { url = "https://files.pythonhosted.org/packages/12/64/554eed290365267671fe001a20d72d14f468ae4e6acef1e179b039436967/lxml-6.0.2-cp314-cp314t-manylinux_2_26_i686.manylinux_2_28_i686.whl", hash = "sha256:967aab75434de148ec80597b75062d8123cadf2943fb4281f385141e18b21338", size = 5306233 },
    { url = "https://files.pythonhosted.org/packages/7a/31/1d748aa275e71802ad9722df32a7a35034246b42c0ecdd8235412c3396ef/lxml-6.0.2-cp314-cp314t-manylinux_2_26_ppc64le.manylinux_2_28_ppc64le.whl", hash = "sha256:d100fcc8930d697c6561156c6810ab4a508fb264c8b6779e6e61e2ed5e7558f9", size = 5604739 },
    { url = "https://files.pythonhosted.org/packages/8f/41/2c11916bcac09ed561adccacceaedd2bf0e0b25b297ea92aab99fd03d0fa/lxml-6.0.2-cp314-cp314t-manylinux_2_26_x86_64.manylinux_2_28_x86_64.whl", hash = "sha256:2ca59e7e13e5981175b8b3e4ab84d7da57993eeff53c07764dcebda0d0e64ecd", size = 5225119 },
    { url = "https://files.pythonhosted.org/packages/99/05/4e5c2873d8f17aa018e6afde417c80cc5d0c33be4854cce3ef5670c49367/lxml-6.0.2-cp314-cp314t-manylinux_2_31_armv7l.whl", hash = "sha256:957448ac63a42e2e49531b9d6c0fa449a1970dbc32467aaad46f11545be9af1d", size = 4633665 },
    { url = "https://files.pythonhosted.org/packages/0f/c9/dcc2da1bebd6275cdc723b515f93edf548b82f36a5458cca3578bc899332/lxml-6.0.2-cp314-cp314t-manylinux_2_38_riscv64.manylinux_2_39_riscv64.whl", hash = "sha256:b7fc49c37f1786284b12af63152fe1d0990722497e2d5817acfe7a877522f9a9", size = 5234997 },
    { url = "https://files.pythonhosted.org/packages/9c/e2/5172e4e7468afca64a37b81dba152fc5d90e30f9c83c7c3213d6a02a5ce4/lxml-6.0.2-cp314-cp314t-musllinux_1_2_aarch64.whl", hash = "sha256:e19e0643cc936a22e837f79d01a550678da8377d7d801a14487c10c34ee49c7e", size = 5090957 },
    { url = "https://files.pythonhosted.org/packages/a5/b3/15461fd3e5cd4ddcb7938b87fc20b14ab113b92312fc97afe65cd7c85de1/lxml-6.0.2-cp314-cp314t-musllinux_1_2_armv7l.whl", hash = "sha256:1db01e5cf14345628e0cbe71067204db658e2fb8e51e7f33631f5f4735fefd8d", size = 4764372 },
    { url = "https://files.pythonhosted.org/packages/05/33/f310b987c8bf9e61c4dd8e8035c416bd3230098f5e3cfa69fc4232de7059/lxml-6.0.2-cp314-cp314t-musllinux_1_2_ppc64le.whl", hash = "sha256:875c6b5ab39ad5291588aed6925fac99d0097af0dd62f33c7b43736043d4a2ec", size = 5634653 },
    { url = "https://files.pythonhosted.org/packages/70/ff/51c80e75e0bc9382158133bdcf4e339b5886c6ee2418b5199b3f1a61ed6d/lxml-6.0.2-cp314-cp314t-musllinux_1_2_riscv64.whl", hash = "sha256:cdcbed9ad19da81c480dfd6dd161886db6096083c9938ead313d94b30aadf272", size = 5233795 },
    { url = "https://files.pythonhosted.org/packages/56/4d/4856e897df0d588789dd844dbed9d91782c4ef0b327f96ce53c807e13128/lxml-6.0.2-cp314-cp314t-musllinux_1_2_x86_64.whl", hash = "sha256:80dadc234ebc532e09be1975ff538d154a7fa61ea5031c03d25178855544728f", size = 5257023 },
]

[[package]]
name = "pillow"
version = "12.1.0"
source = { registry = "https://pypi.org/simple" }
sdist = { url = "https://files.pythonhosted.org/packages/d0/02/d52c733a2452ef1ffcc123b68e6606d07276b0e358db70eabad7e40042b7/pillow-12.1.0.tar.gz", hash = "sha256:5c5ae0a06e9ea030ab786b0251b32c7e4ce10e58d983c0d5c56029455180b5b9", size = 46977283 }
wheels = [
    { url = "https://files.pythonhosted.org/packages/20/31/dc53fe21a2f2996e1b7d92bf671cdb157079385183ef7c1ae08b485db510/pillow-12.1.0-cp312-cp312-macosx_10_13_x86_64.whl", hash = "sha256:a332ac4ccb84b6dde65dbace8431f3af08874bf9770719d32a635c4ef411b18b", size = 5262642 },
    { url = "https://files.pythonhosted.org/packages/ab/c1/10e45ac9cc79419cedf5121b42dcca5a50ad2b601fa080f58c22fb27626e/pillow-12.1.0-cp312-cp312-macosx_11_0_arm64.whl", hash = "sha256:907bfa8a9cb790748a9aa4513e37c88c59660da3bcfffbd24a7d9e6abf224551", size = 4657464 },
    { url = "https://files.pythonhosted.org/packages/ad/26/7b82c0ab7ef40ebede7a97c72d473bda5950f609f8e0c77b04af574a0ddb/pillow-12.1.0-cp312-cp312-manylinux2014_aarch64.manylinux_2_17_aarch64.whl", hash = "sha256:efdc140e7b63b8f739d09a99033aa430accce485ff78e6d311973a67b6bf3208", size = 6234878 },
    { url = "https://files.pythonhosted.org/packages/76/25/27abc9792615b5e886ca9411ba6637b675f1b77af3104710ac7353fe5605/pillow-12.1.0-cp312-cp312-manylinux2014_x86_64.manylinux_2_17_x86_64.whl", hash = "sha256:bef9768cab184e7ae6e559c032e95ba8d07b3023c289f79a2bd36e8bf85605a5", size = 8044868 },
    { url = "https://files.pythonhosted.org/packages/0a/ea/f200a4c36d836100e7bc738fc48cd963d3ba6372ebc8298a889e0cfc3359/pillow-12.1.0-cp312-cp312-manylinux_2_27_aarch64.manylinux_2_28_aarch64.whl", hash = "sha256:742aea052cf5ab5034a53c3846165bc3ce88d7c38e954120db0ab867ca242661", size = 6349468 },
    { url = "https://files.pythonhosted.org/packages/11/8f/48d0b77ab2200374c66d344459b8958c86693be99526450e7aee714e03e4/pillow-12.1.0-cp312-cp312-manylinux_2_27_x86_64.manylinux_2_28_x86_64.whl", hash = "sha256:a6dfc2af5b082b635af6e08e0d1f9f1c4e04d17d4e2ca0ef96131e85eda6eb17", size = 7041518 },
    { url = "https://files.pythonhosted.org/packages/1d/23/c281182eb986b5d31f0a76d2a2c8cd41722d6fb8ed07521e802f9bba52de/pillow-12.1.0-cp312-cp312-musllinux_1_2_aarch64.whl", hash = "sha256:609e89d9f90b581c8d16358c9087df76024cf058fa693dd3e1e1620823f39670", size = 6462829 },
    { url = "https://files.pythonhosted.org/packages/25/ef/7018273e0faac099d7b00982abdcc39142ae6f3bd9ceb06de09779c4a9d6/pillow-12.1.0-cp312-cp312-musllinux_1_2_x86_64.whl", hash = "sha256:43b4899cfd091a9693a1278c4982f3e50f7fb7cff5153b05174b4afc9593b616", size = 7166756 },
    { url = "https://files.pythonhosted.org/packages/4f/bf/28ab865de622e14b747f0cd7877510848252d950e43002e224fb1c9ababf/pillow-12.1.0-cp313-cp313-macosx_10_13_x86_64.whl", hash = "sha256:983976c2ab753166dc66d36af6e8ec15bb511e4a25856e2227e5f7e00a160587", size = 5262410 },
    { url = "https://files.pythonhosted.org/packages/1c/34/583420a1b55e715937a85bd48c5c0991598247a1fd2eb5423188e765ea02/pillow-12.1.0-cp313-cp313-macosx_11_0_arm64.whl", hash = "sha256:db44d5c160a90df2d24a24760bbd37607d53da0b34fb546c4c232af7192298ac", size = 4657312 },
    { url = "https://files.pythonhosted.org/packages/1d/fd/f5a0896839762885b3376ff04878f86ab2b097c2f9a9cdccf4eda8ba8dc0/pillow-12.1.0-cp313-cp313-manylinux2014_aarch64.manylinux_2_17_aarch64.whl", hash = "sha256:6b7a9d1db5dad90e2991645874f708e87d9a3c370c243c2d7684d28f7e133e6b", size = 6232605 },
    { url = "https://files.pythonhosted.org/packages/98/aa/938a09d127ac1e70e6ed467bd03834350b33ef646b31edb7452d5de43792/pillow-12.1.0-cp313-cp313-manylinux2014_x86_64.manylinux_2_17_x86_64.whl", hash = "sha256:6258f3260986990ba2fa8a874f8b6e808cf5abb51a94015ca3dc3c68aa4f30ea", size = 8041617 },
    { url = "https://files.pythonhosted.org/packages/17/e8/538b24cb426ac0186e03f80f78bc8dc7246c667f58b540bdd57c71c9f79d/pillow-12.1.0-cp313-cp313-manylinux_2_27_aarch64.manylinux_2_28_aarch64.whl", hash = "sha256:e115c15e3bc727b1ca3e641a909f77f8ca72a64fff150f666fcc85e57701c26c", size = 6346509 },
    { url = "https://files.pythonhosted.org/packages/01/9a/632e58ec89a32738cabfd9ec418f0e9898a2b4719afc581f07c04a05e3c9/pillow-12.1.0-cp313-cp313-manylinux_2_27_x86_64.manylinux_2_28_x86_64.whl", hash = "sha256:6741e6f3074a35e47c77b23a4e4f2d90db3ed905cb1c5e6e0d49bff2045632bc", size = 7038117 },
    { url = "https://files.pythonhosted.org/packages/c7/a2/d40308cf86eada842ca1f3ffa45d0ca0df7e4ab33c83f81e73f5eaed136d/pillow-12.1.0-cp313-cp313-musllinux_1_2_aarch64.whl", hash = "sha256:935b9d1aed48fcfb3f838caac506f38e29621b44ccc4f8a64d575cb1b2a88644", size = 6460151 },
    { url = "https://files.pythonhosted.org/packages/f1/88/f5b058ad6453a085c5266660a1417bdad590199da1b32fb4efcff9d33b05/pillow-12.1.0-cp313-cp313-musllinux_1_2_x86_64.whl", hash = "sha256:5fee4c04aad8932da9f8f710af2c1a15a83582cfb884152a9caa79d4efcdbf9c", size = 7164534 },
    { url = "https://files.pythonhosted.org/packages/b5/ba/970b7d85ba01f348dee4d65412476321d40ee04dcb51cd3735b9dc94eb58/pillow-12.1.0-cp313-cp313t-macosx_10_13_x86_64.whl", hash = "sha256:00162e9ca6d22b7c3ee8e61faa3c3253cd19b6a37f126cad04f2f88b306f557d", size = 5264816 },
    { url = "https://files.pythonhosted.org/packages/10/60/650f2fb55fdba7a510d836202aa52f0baac633e50ab1cf18415d332188fb/pillow-12.1.0-cp313-cp313t-macosx_11_0_arm64.whl", hash = "sha256:7d6daa89a00b58c37cb1747ec9fb7ac3bc5ffd5949f5888657dfddde6d1312e0", size = 4660472 },
    { url = "https://files.pythonhosted.org/packages/2b/c0/5273a99478956a099d533c4f46cbaa19fd69d606624f4334b85e50987a08/pillow-12.1.0-cp313-cp313t-manylinux2014_aarch64.manylinux_2_17_aarch64.whl", hash = "sha256:e2479c7f02f9d505682dc47df8c0ea1fc5e264c4d1629a5d63fe3e2334b89554", size = 6268974 },
    { url = "https://files.pythonhosted.org/packages/b4/26/0bf714bc2e73d5267887d47931d53c4ceeceea6978148ed2ab2a4e6463c4/pillow-12.1.0-cp313-cp313t-manylinux2014_x86_64.manylinux_2_17_x86_64.whl", hash = "sha256:f188d580bd870cda1e15183790d1cc2fa78f666e76077d103edf048eed9c356e", size = 8073070 },
    { url = "https://files.pythonhosted.org/packages/43/cf/1ea826200de111a9d65724c54f927f3111dc5ae297f294b370a670c17786/pillow-12.1.0-cp313-cp313t-manylinux_2_27_aarch64.manylinux_2_28_aarch64.whl", hash = "sha256:0fde7ec5538ab5095cc02df38ee99b0443ff0e1c847a045554cf5f9af1f4aa82", size = 6380176 },
    { url = "https://files.pythonhosted.org/packages/03/e0/7938dd2b2013373fd85d96e0f38d62b7a5a262af21ac274250c7ca7847c9/pillow-12.1.0-cp313-cp313t-manylinux_2_27_x86_64.manylinux_2_28_x86_64.whl", hash = "sha256:0ed07dca4a8464bada6139ab38f5382f83e5f111698caf3191cb8dbf27d908b4", size = 7067061 },
    { url = "https://files.pythonhosted.org/packages/86/ad/a2aa97d37272a929a98437a8c0ac37b3cf012f4f8721e1bd5154699b2518/pillow-12.1.0-cp313-cp313t-musllinux_1_2_aarch64.whl", hash = "sha256:f45bd71d1fa5e5749587613037b172e0b3b23159d1c00ef2fc920da6f470e6f0", size = 6491824 },
    { url = "https://files.pythonhosted.org/packages/a4/44/80e46611b288d51b115826f136fb3465653c28f491068a72d3da49b54cd4/pillow-12.1.0-cp313-cp313t-musllinux_1_2_x86_64.whl", hash = "sha256:277518bf4fe74aa91489e1b20577473b19ee70fb97c374aa50830b279f25841b", size = 7190911 },
    { url = "https://files.pythonhosted.org/packages/fc/36/2b8138e51cb42e4cc39c3297713455548be855a50558c3ac2beebdc251dd/pillow-12.1.0-cp314-cp314-macosx_10_15_x86_64.whl", hash = "sha256:e6bdb408f7c9dd2a5ff2b14a3b0bb6d4deb29fb9961e6eb3ae2031ae9a5cec13", size = 5266086 },
    { url = "https://files.pythonhosted.org/packages/53/4b/649056e4d22e1caa90816bf99cef0884aed607ed38075bd75f091a607a38/pillow-12.1.0-cp314-cp314-macosx_11_0_arm64.whl", hash = "sha256:3413c2ae377550f5487991d444428f1a8ae92784aac79caa8b1e3b89b175f77e", size = 4657344 },
    { url = "https://files.pythonhosted.org/packages/6c/6b/c5742cea0f1ade0cd61485dc3d81f05261fc2276f537fbdc00802de56779/pillow-12.1.0-cp314-cp314-manylinux2014_aarch64.manylinux_2_17_aarch64.whl", hash = "sha256:e5dcbe95016e88437ecf33544ba5db21ef1b8dd6e1b434a2cb2a3d605299e643", size = 6232114 },
    { url = "https://files.pythonhosted.org/packages/bf/8f/9f521268ce22d63991601aafd3d48d5ff7280a246a1ef62d626d67b44064/pillow-12.1.0-cp314-cp314-manylinux2014_x86_64.manylinux_2_17_x86_64.whl", hash = "sha256:d0a7735df32ccbcc98b98a1ac785cc4b19b580be1bdf0aeb5c03223220ea09d5", size = 8042708 },
    { url = "https://files.pythonhosted.org/packages/1a/eb/257f38542893f021502a1bbe0c2e883c90b5cff26cc33b1584a841a06d30/pillow-12.1.0-cp314-cp314-manylinux_2_27_aarch64.manylinux_2_28_aarch64.whl", hash = "sha256:0c27407a2d1b96774cbc4a7594129cc027339fd800cd081e44497722ea1179de", size = 6347762 },
    { url = "https://files.pythonhosted.org/packages/c4/5a/8ba375025701c09b309e8d5163c5a4ce0102fa86bbf8800eb0d7ac87bc51/pillow-12.1.0-cp314-cp314-manylinux_2_27_x86_64.manylinux_2_28_x86_64.whl", hash = "sha256:15c794d74303828eaa957ff8070846d0efe8c630901a1c753fdc63850e19ecd9", size = 7039265 },
    { url = "https://files.pythonhosted.org/packages/cf/dc/cf5e4cdb3db533f539e88a7bbf9f190c64ab8a08a9bc7a4ccf55067872e4/pillow-12.1.0-cp314-cp314-musllinux_1_2_aarch64.whl", hash = "sha256:c990547452ee2800d8506c4150280757f88532f3de2a58e3022e9b179107862a", size = 6462341 },
    { url = "https://files.pythonhosted.org/packages/d0/47/0291a25ac9550677e22eda48510cfc4fa4b2ef0396448b7fbdc0a6946309/pillow-12.1.0-cp314-cp314-musllinux_1_2_x86_64.whl", hash = "sha256:b63e13dd27da389ed9475b3d28510f0f954bca0041e8e551b2a4eb1eab56a39a", size = 7165395 },
    { url = "https://files.pythonhosted.org/packages/82/54/2e1dd20c8749ff225080d6ba465a0cab4387f5db0d1c5fb1439e2d99923f/pillow-12.1.0-cp314-cp314t-macosx_10_15_x86_64.whl", hash = "sha256:bc11908616c8a283cf7d664f77411a5ed2a02009b0097ff8abbba5e79128ccf2", size = 5268571 },
    { url = "https://files.pythonhosted.org/packages/57/61/571163a5ef86ec0cf30d265ac2a70ae6fc9e28413d1dc94fa37fae6bda89/pillow-12.1.0-cp314-cp314t-macosx_11_0_arm64.whl", hash = "sha256:896866d2d436563fa2a43a9d72f417874f16b5545955c54a64941e87c1376c61", size = 4660426 },
    { url = "https://files.pythonhosted.org/packages/5e/e1/53ee5163f794aef1bf84243f755ee6897a92c708505350dd1923f4afec48/pillow-12.1.0-cp314-cp314t-manylinux2014_aarch64.manylinux_2_17_aarch64.whl", hash = "sha256:8e178e3e99d3c0ea8fc64b88447f7cac8ccf058af422a6cedc690d0eadd98c51", size = 6269908 },
    { url = "https://files.pythonhosted.org/packages/bc/0b/b4b4106ff0ee1afa1dc599fde6ab230417f800279745124f6c50bcffed8e/pillow-12.1.0-cp314-cp314t-manylinux2014_x86_64.manylinux_2_17_x86_64.whl", hash = "sha256:079af2fb0c599c2ec144ba2c02766d1b55498e373b3ac64687e43849fbbef5bc", size = 8074733 },
    { url = "https://files.pythonhosted.org/packages/19/9f/80b411cbac4a732439e629a26ad3ef11907a8c7fc5377b7602f04f6fe4e7/pillow-12.1.0-cp314-cp314t-manylinux_2_27_aarch64.manylinux_2_28_aarch64.whl", hash = "sha256:bdec5e43377761c5dbca620efb69a77f6855c5a379e32ac5b158f54c84212b14", size = 6381431 },
    { url = "https://files.pythonhosted.org/packages/8f/b7/d65c45db463b66ecb6abc17c6ba6917a911202a07662247e1355ce1789e7/pillow-12.1.0-cp314-cp314t-manylinux_2_27_x86_64.manylinux_2_28_x86_64.whl", hash = "sha256:565c986f4b45c020f5421a4cea13ef294dde9509a8577f29b2fc5edc7587fff8", size = 7068529 },
    { url = "https://files.pythonhosted.org/packages/50/96/dfd4cd726b4a45ae6e3c669fc9e49deb2241312605d33aba50499e9d9bd1/pillow-12.1.0-cp314-cp314t-musllinux_1_2_aarch64.whl", hash = "sha256:43aca0a55ce1eefc0aefa6253661cb54571857b1a7b2964bd8a1e3ef4b729924", size = 6492981 },
    { url = "https://files.pythonhosted.org/packages/4d/1c/b5dc52cf713ae46033359c5ca920444f18a6359ce1020dd3e9c553ea5bc6/pillow-12.1.0-cp314-cp314t-musllinux_1_2_x86_64.whl", hash = "sha256:0deedf2ea233722476b3a81e8cdfbad786f7adbed5d848469fa59fe52396e4ef", size = 7191878 },
]

[[package]]
name = "playwright"
version = "1.58.0"
source = { registry = "https://pypi.org/simple" }
dependencies = [
    { name = "greenlet", marker = "sys_platform == 'darwin'" },
    { name = "pyee", marker = "sys_platform == 'darwin'" },
]
wheels = [
    { url = "https://files.pythonhosted.org/packages/f8/c9/9c6061d5703267f1baae6a4647bfd1862e386fbfdb97d889f6f6ae9e3f64/playwright-1.58.0-py3-none-macosx_10_13_x86_64.whl", hash = "sha256:96e3204aac292ee639edbfdef6298b4be2ea0a55a16b7068df91adac077cc606", size = 42251098 },
    { url = "https://files.pythonhosted.org/packages/e0/40/59d34a756e02f8c670f0fee987d46f7ee53d05447d43cd114ca015cb168c/playwright-1.58.0-py3-none-macosx_11_0_arm64.whl", hash = "sha256:70c763694739d28df71ed578b9c8202bb83e8fe8fb9268c04dd13afe36301f71", size = 41039625 },
    { url = "https://files.pythonhosted.org/packages/e1/ee/3ce6209c9c74a650aac9028c621f357a34ea5cd4d950700f8e2c4b7fe2c4/playwright-1.58.0-py3-none-macosx_11_0_universal2.whl", hash = "sha256:185e0132578733d02802dfddfbbc35f42be23a45ff49ccae5081f25952238117", size = 42251098 },
]

[[package]]
name = "pyee"
version = "13.0.0"
source = { registry = "https://pypi.org/simple" }
dependencies = [
    { name = "typing-extensions", marker = "sys_platform == 'darwin'" },
]
sdist = { url = "https://files.pythonhosted.org/packages/95/03/1fd98d5841cd7964a27d729ccf2199602fe05eb7a405c1462eb7277945ed/pyee-13.0.0.tar.gz", hash = "sha256:b391e3c5a434d1f5118a25615001dbc8f669cf410ab67d04c4d4e07c55481c37", size = 31250 }
wheels = [
    { url = "https://files.pythonhosted.org/packages/9b/4d/b9add7c84060d4c1906abe9a7e5359f2a60f7a9a4f67268b2766673427d8/pyee-13.0.0-py3-none-any.whl", hash = "sha256:48195a3cddb3b1515ce0695ed76036b5ccc2ef3a9f963ff9f77aec0139845498", size = 15730 },
]

[[package]]
name = "pypdf2"
version = "3.0.1"
source = { registry = "https://pypi.org/simple" }
sdist = { url = "https://files.pythonhosted.org/packages/9f/bb/18dc3062d37db6c491392007dfd1a7f524bb95886eb956569ac38a23a784/PyPDF2-3.0.1.tar.gz", hash = "sha256:a74408f69ba6271f71b9352ef4ed03dc53a31aa404d29b5d31f53bfecfee1440", size = 227419 }
wheels = [
    { url = "https://files.pythonhosted.org/packages/8e/5e/c86a5643653825d3c913719e788e41386bee415c2b87b4f955432f2de6b2/pypdf2-3.0.1-py3-none-any.whl", hash = "sha256:d16e4205cfee272fbdc0568b68d82be796540b1537508cef59388f839c191928", size = 232572 },
]

[[package]]
name = "python-pptx"
version = "1.0.2"
source = { registry = "https://pypi.org/simple" }
dependencies = [
    { name = "lxml", marker = "sys_platform == 'darwin' or sys_platform == 'linux'" },
    { name = "pillow", marker = "sys_platform == 'darwin' or sys_platform == 'linux'" },
    { name = "typing-extensions", marker = "sys_platform == 'darwin' or sys_platform == 'linux'" },
    { name = "xlsxwriter", marker = "sys_platform == 'darwin' or sys_platform == 'linux'" },
]
sdist = { url = "https://files.pythonhosted.org/packages/52/a9/0c0db8d37b2b8a645666f7fd8accea4c6224e013c42b1d5c17c93590cd06/python_pptx-1.0.2.tar.gz", hash = "sha256:479a8af0eaf0f0d76b6f00b0887732874ad2e3188230315290cd1f9dd9cc7095", size = 10109297 }
wheels = [
    { url = "https://files.pythonhosted.org/packages/d9/4f/00be2196329ebbff56ce564aa94efb0fbc828d00de250b1980de1a34ab49/python_pptx-1.0.2-py3-none-any.whl", hash = "sha256:160838e0b8565a8b1f67947675886e9fea18aa5e795db7ae531606d68e785cba", size = 472788 },
]

[[package]]
name = "scripts"
version = "0.1.0"
source = { virtual = "." }
dependencies = [
    { name = "pillow", marker = "sys_platform == 'darwin' or sys_platform == 'linux'" },
    { name = "playwright", marker = "sys_platform == 'darwin'" },
    { name = "pypdf2", marker = "sys_platform == 'darwin' or sys_platform == 'linux'" },
    { name = "python-pptx", marker = "sys_platform == 'darwin' or sys_platform == 'linux'" },
]

[package.metadata]
requires-dist = [
    { name = "pillow", specifier = ">=12.1.0" },
    { name = "playwright", marker = "sys_platform == 'darwin'", specifier = ">=1.58.0" },
    { name = "pypdf2", specifier = ">=3.0.1" },
    { name = "python-pptx", specifier = ">=1.0.2" },
]

[[package]]
name = "typing-extensions"
version = "4.15.0"
source = { registry = "https://pypi.org/simple" }
sdist = { url = "https://files.pythonhosted.org/packages/72/94/1a15dd82efb362ac84269196e94cf00f187f7ed21c242792a923cdb1c61f/typing_extensions-4.15.0.tar.gz", hash = "sha256:0cea48d173cc12fa28ecabc3b837ea3cf6f38c6d1136f85cbaaf598984861466", size = 109391 }
wheels = [
    { url = "https://files.pythonhosted.org/packages/18/67/36e9267722cc04a6b9f15c7f3441c2363321a3ea07da7ae0c0707beb2a9c/typing_extensions-4.15.0-py3-none-any.whl", hash = "sha256:f0fa19c6845758ab08074a0cfa8b7aecb71c999ca73d62883bc25cc018c4e548", size = 44614 },
]

[[package]]
name = "xlsxwriter"
version = "3.2.9"
source = { registry = "https://pypi.org/simple" }
sdist = { url = "https://files.pythonhosted.org/packages/46/2c/c06ef49dc36e7954e55b802a8b231770d286a9758b3d936bd1e04ce5ba88/xlsxwriter-3.2.9.tar.gz", hash = "sha256:254b1c37a368c444eac6e2f867405cc9e461b0ed97a3233b2ac1e574efb4140c", size = 215940 }
wheels = [
    { url = "https://files.pythonhosted.org/packages/3a/0c/3662f4a66880196a590b202f0db82d919dd2f89e99a27fadef91c4a33d41/xlsxwriter-3.2.9-py3-none-any.whl", hash = "sha256:9a5db42bc5dff014806c58a20b9eae7322a134abb6fce3c92c181bfb275ec5b3", size = 175315 },
]
